dependencies:
- name: dispatcher-service
  repository: https://flam-flam.github.io/helm-charts
  version: 0.2.0
- name: comment-service
  repository: https://flam-flam.github.io/helm-charts
  version: 0.2.0
- name: submission-service
  repository: https://flam-flam.github.io/helm-charts
  version: 0.1.0
- name: mongodb
  repository: https://flam-flam.github.io/helm-charts
  version: 0.1.0
digest: sha256:c713fc9797e215662260dce7465fac3c75e3f269e3bda5df28818a3bf0641ba3
generated: "2023-09-15T13:31:57.193470424+01:00"
